// !$*UTF8*$!
{
	archiveVersion = 1;
	classes = {
	};
	objectVersion = 60;
	objects = {

/* Begin PBXBuildFile section */
		E51000000000000000000020 /* eSimPulseApp.swift in Sources */ = {isa = PBXBuildFile; fileRef = E51000000000000000000010 /* eSimPulseApp.swift */; };
		E51000000000000000000021 /* FloatingWindow.swift in Sources */ = {isa = PBXBuildFile; fileRef = E51000000000000000000011 /* FloatingWindow.swift */; };
		E51000000000000000000022 /* DashboardView.swift in Sources */ = {isa = PBXBuildFile; fileRef = E51000000000000000000012 /* DashboardView.swift */; };
		E51000000000000000000023 /* SettingsView.swift in Sources */ = {isa = PBXBuildFile; fileRef = E51000000000000000000013 /* SettingsView.swift */; };
		E51000000000000000000032 /* EsimPulseKit in Frameworks */ = {isa = PBXBuildFile; productRef = E51000000000000000000031 /* EsimPulseKit */; };
		E52000000000000000000020 /* RevenueProvider.swift in Sources */ = {isa = PBXBuildFile; fileRef = E52000000000000000000010 /* RevenueProvider.swift */; };
		E52000000000000000000021 /* RevenueWidgetView.swift in Sources */ = {isa = PBXBuildFile; fileRef = E52000000000000000000011 /* RevenueWidgetView.swift */; };
		E52000000000000000000022 /* eSimPulseWidgetBundle.swift in Sources */ = {isa = PBXBuildFile; fileRef = E52000000000000000000012 /* eSimPulseWidgetBundle.swift */; };
		E52000000000000000000032 /* EsimPulseKit in Frameworks */ = {isa = PBXBuildFile; productRef = E52000000000000000000031 /* EsimPulseKit */; };
		E52000000000000000000040 /* eSimPulseWidgetExtension.appex in Embed App Extensions */ = {isa = PBXBuildFile; fileRef = E52000000000000000000006 /* eSimPulseWidgetExtension.appex */; settings = {ATTRIBUTES = (RemoveHeadersOnCopy, ); }; };
		E53000000000000000000020 /* eSimPulseiOSApp.swift in Sources */ = {isa = PBXBuildFile; fileRef = E53000000000000000000010 /* eSimPulseiOSApp.swift */; };
		E53000000000000000000032 /* EsimPulseKit in Frameworks */ = {isa = PBXBuildFile; productRef = E53000000000000000000031 /* EsimPulseKit */; };
		E53000000000000000000040 /* eSimPulseWidgetiOSExtension.appex in Embed App Extensions */ = {isa = PBXBuildFile; fileRef = E54000000000000000000006 /* eSimPulseWidgetiOSExtension.appex */; settings = {ATTRIBUTES = (RemoveHeadersOnCopy, ); }; };
		E54000000000000000000020 /* RevenueProvider.swift in Sources */ = {isa = PBXBuildFile; fileRef = E52000000000000000000010 /* RevenueProvider.swift */; };
		E54000000000000000000021 /* RevenueWidgetView.swift in Sources */ = {isa = PBXBuildFile; fileRef = E52000000000000000000011 /* RevenueWidgetView.swift */; };
		E54000000000000000000022 /* eSimPulseWidgetBundle.swift in Sources */ = {isa = PBXBuildFile; fileRef = E52000000000000000000012 /* eSimPulseWidgetBundle.swift */; };
		E54000000000000000000032 /* EsimPulseKit in Frameworks */ = {isa = PBXBuildFile; productRef = E54000000000000000000031 /* EsimPulseKit */; };
/* End PBXBuildFile section */

/* Begin PBXContainerItemProxy section */
		E52000000000000000000043 /* PBXContainerItemProxy */ = {
			isa = PBXContainerItemProxy;
			containerPortal = E51000000000000000000001 /* Project object */;
			proxyType = 1;
			remoteGlobalIDString = E52000000000000000000005;
			remoteInfo = eSimPulseWidgetExtension;
		};
		E53000000000000000000043 /* PBXContainerItemProxy */ = {
			isa = PBXContainerItemProxy;
			containerPortal = E51000000000000000000001 /* Project object */;
			proxyType = 1;
			remoteGlobalIDString = E54000000000000000000005;
			remoteInfo = eSimPulseWidgetiOSExtension;
		};
/* End PBXContainerItemProxy section */

/* Begin PBXCopyFilesBuildPhase section */
		E52000000000000000000041 /* Embed App Extensions */ = {
			isa = PBXCopyFilesBuildPhase;
			buildActionMask = 2147483647;
			dstPath = "";
			dstSubfolderSpec = 13;
			files = (
				E52000000000000000000040 /* eSimPulseWidgetExtension.appex in Embed App Extensions */,
			);
			name = "Embed App Extensions";
			runOnlyForDeploymentPostprocessing = 0;
		};
		E53000000000000000000041 /* Embed App Extensions */ = {
			isa = PBXCopyFilesBuildPhase;
			buildActionMask = 2147483647;
			dstPath = "";
			dstSubfolderSpec = 13;
			files = (
				E53000000000000000000040 /* eSimPulseWidgetiOSExtension.appex in Embed App Extensions */,
			);
			name = "Embed App Extensions";
			runOnlyForDeploymentPostprocessing = 0;
		};
/* End PBXCopyFilesBuildPhase section */

/* Begin PBXFileReference section */
		E51000000000000000000006 /* eSimPulse.app */ = {isa = PBXFileReference; explicitFileType = wrapper.application; includeInIndex = 0; path = eSimPulse.app; sourceTree = BUILT_PRODUCTS_DIR; };
		E51000000000000000000010 /* eSimPulseApp.swift */ = {isa = PBXFileReference; lastKnownFileType = sourcecode.swift; path = eSimPulseApp.swift; sourceTree = "<group>"; };
		E51000000000000000000011 /* FloatingWindow.swift */ = {isa = PBXFileReference; lastKnownFileType = sourcecode.swift; path = FloatingWindow.swift; sourceTree = "<group>"; };
		E51000000000000000000012 /* DashboardView.swift */ = {isa = PBXFileReference; lastKnownFileType = sourcecode.swift; path = DashboardView.swift; sourceTree = "<group>"; };
		E51000000000000000000013 /* SettingsView.swift */ = {isa = PBXFileReference; lastKnownFileType = sourcecode.swift; path = SettingsView.swift; sourceTree = "<group>"; };
		E51000000000000000000014 /* eSimPulse.entitlements */ = {isa = PBXFileReference; lastKnownFileType = text.plist.entitlements; path = eSimPulse.entitlements; sourceTree = "<group>"; };
		E52000000000000000000006 /* eSimPulseWidgetExtension.appex */ = {isa = PBXFileReference; explicitFileType = "wrapper.app-extension"; includeInIndex = 0; path = eSimPulseWidgetExtension.appex; sourceTree = BUILT_PRODUCTS_DIR; };
		E52000000000000000000010 /* RevenueProvider.swift */ = {isa = PBXFileReference; lastKnownFileType = sourcecode.swift; path = RevenueProvider.swift; sourceTree = "<group>"; };
		E52000000000000000000011 /* RevenueWidgetView.swift */ = {isa = PBXFileReference; lastKnownFileType = sourcecode.swift; path = RevenueWidgetView.swift; sourceTree = "<group>"; };
		E52000000000000000000012 /* eSimPulseWidgetBundle.swift */ = {isa = PBXFileReference; lastKnownFileType = sourcecode.swift; path = eSimPulseWidgetBundle.swift; sourceTree = "<group>"; };
		E52000000000000000000013 /* Info.plist */ = {isa = PBXFileReference; lastKnownFileType = text.plist.xml; path = Info.plist; sourceTree = "<group>"; };
		E52000000000000000000014 /* eSimPulseWidget.entitlements */ = {isa = PBXFileReference; lastKnownFileType = text.plist.entitlements; path = eSimPulseWidget.entitlements; sourceTree = "<group>"; };
		E54000000000000000000014 /* Widget-iOS.entitlements */ = {isa = PBXFileReference; lastKnownFileType = text.plist.entitlements; path = "Widget-iOS.entitlements"; sourceTree = "<group>"; };
		E53000000000000000000006 /* eSimPulseiOS.app */ = {isa = PBXFileReference; explicitFileType = wrapper.application; includeInIndex = 0; path = eSimPulseiOS.app; sourceTree = BUILT_PRODUCTS_DIR; };
		E53000000000000000000010 /* eSimPulseiOSApp.swift */ = {isa = PBXFileReference; lastKnownFileType = sourcecode.swift; path = eSimPulseiOSApp.swift; sourceTree = "<group>"; };
		E53000000000000000000014 /* eSimPulseiOS.entitlements */ = {isa = PBXFileReference; lastKnownFileType = text.plist.entitlements; path = eSimPulseiOS.entitlements; sourceTree = "<group>"; };
		E54000000000000000000006 /* eSimPulseWidgetiOSExtension.appex */ = {isa = PBXFileReference; explicitFileType = "wrapper.app-extension"; includeInIndex = 0; path = eSimPulseWidgetiOSExtension.appex; sourceTree = BUILT_PRODUCTS_DIR; };
/* End PBXFileReference section */

/* Begin PBXFrameworksBuildPhase section */
		E5100000000000000000000E /* Frameworks */ = {
			isa = PBXFrameworksBuildPhase;
			buildActionMask = 2147483647;
			files = (
				E51000000000000000000032 /* EsimPulseKit in Frameworks */,
			);
			runOnlyForDeploymentPostprocessing = 0;
		};
		E5200000000000000000000E /* Frameworks */ = {
			isa = PBXFrameworksBuildPhase;
			buildActionMask = 2147483647;
			files = (
				E52000000000000000000032 /* EsimPulseKit in Frameworks */,
			);
			runOnlyForDeploymentPostprocessing = 0;
		};
		E5300000000000000000000E /* Frameworks */ = {
			isa = PBXFrameworksBuildPhase;
			buildActionMask = 2147483647;
			files = (
				E53000000000000000000032 /* EsimPulseKit in Frameworks */,
			);
			runOnlyForDeploymentPostprocessing = 0;
		};
		E5400000000000000000000E /* Frameworks */ = {
			isa = PBXFrameworksBuildPhase;
			buildActionMask = 2147483647;
			files = (
				E54000000000000000000032 /* EsimPulseKit in Frameworks */,
			);
			runOnlyForDeploymentPostprocessing = 0;
		};
/* End PBXFrameworksBuildPhase section */

/* Begin PBXGroup section */
		E51000000000000000000002 = {
			isa = PBXGroup;
			children = (
				E51000000000000000000004 /* eSimPulse */,
				E53000000000000000000004 /* eSimPulseiOS */,
				E52000000000000000000004 /* eSimPulseWidget */,
				E51000000000000000000003 /* Products */,
			);
			sourceTree = "<group>";
		};
		E51000000000000000000003 /* Products */ = {
			isa = PBXGroup;
			children = (
				E51000000000000000000006 /* eSimPulse.app */,
				E52000000000000000000006 /* eSimPulseWidgetExtension.appex */,
				E53000000000000000000006 /* eSimPulseiOS.app */,
				E54000000000000000000006 /* eSimPulseWidgetiOSExtension.appex */,
			);
			name = Products;
			sourceTree = "<group>";
		};
		E51000000000000000000004 /* eSimPulse */ = {
			isa = PBXGroup;
			children = (
				E51000000000000000000010 /* eSimPulseApp.swift */,
				E51000000000000000000011 /* FloatingWindow.swift */,
				E51000000000000000000012 /* DashboardView.swift */,
				E51000000000000000000013 /* SettingsView.swift */,
				E51000000000000000000014 /* eSimPulse.entitlements */,
			);
			path = eSimPulse;
			sourceTree = "<group>";
		};
		E52000000000000000000004 /* eSimPulseWidget */ = {
			isa = PBXGroup;
			children = (
				E52000000000000000000012 /* eSimPulseWidgetBundle.swift */,
				E52000000000000000000010 /* RevenueProvider.swift */,
				E52000000000000000000011 /* RevenueWidgetView.swift */,
				E52000000000000000000013 /* Info.plist */,
				E52000000000000000000014 /* eSimPulseWidget.entitlements */,
				E54000000000000000000014 /* Widget-iOS.entitlements */,
			);
			path = eSimPulseWidget;
			sourceTree = "<group>";
		};
		E53000000000000000000004 /* eSimPulseiOS */ = {
			isa = PBXGroup;
			children = (
				E53000000000000000000010 /* eSimPulseiOSApp.swift */,
				E53000000000000000000014 /* eSimPulseiOS.entitlements */,
			);
			path = eSimPulseiOS;
			sourceTree = "<group>";
		};
/* End PBXGroup section */

/* Begin PBXNativeTarget section */
		E51000000000000000000005 /* eSimPulse */ = {
			isa = PBXNativeTarget;
			buildConfigurationList = E51000000000000000000008 /* Build configuration list for PBXNativeTarget "eSimPulse" */;
			buildPhases = (
				E5100000000000000000000D /* Sources */,
				E5100000000000000000000E /* Frameworks */,
				E5100000000000000000000F /* Resources */,
				E52000000000000000000041 /* Embed App Extensions */,
			);
			buildRules = (
			);
			dependencies = (
				E52000000000000000000042 /* PBXTargetDependency */,
			);
			name = eSimPulse;
			packageProductDependencies = (
				E51000000000000000000031 /* EsimPulseKit */,
			);
			productName = eSimPulse;
			productReference = E51000000000000000000006 /* eSimPulse.app */;
			productType = "com.apple.product-type.application";
		};
		E52000000000000000000005 /* eSimPulseWidgetExtension */ = {
			isa = PBXNativeTarget;
			buildConfigurationList = E52000000000000000000008 /* Build configuration list for PBXNativeTarget "eSimPulseWidgetExtension" */;
			buildPhases = (
				E5200000000000000000000D /* Sources */,
				E5200000000000000000000E /* Frameworks */,
			);
			buildRules = (
			);
			dependencies = (
			);
			name = eSimPulseWidgetExtension;
			packageProductDependencies = (
				E52000000000000000000031 /* EsimPulseKit */,
			);
			productName = eSimPulseWidgetExtension;
			productReference = E52000000000000000000006 /* eSimPulseWidgetExtension.appex */;
			productType = "com.apple.product-type.app-extension";
		};
		E53000000000000000000005 /* eSimPulseiOS */ = {
			isa = PBXNativeTarget;
			buildConfigurationList = E53000000000000000000008 /* Build configuration list for PBXNativeTarget "eSimPulseiOS" */;
			buildPhases = (
				E5300000000000000000000D /* Sources */,
				E5300000000000000000000E /* Frameworks */,
				E5300000000000000000000F /* Resources */,
				E53000000000000000000041 /* Embed App Extensions */,
			);
			buildRules = (
			);
			dependencies = (
				E53000000000000000000042 /* PBXTargetDependency */,
			);
			name = eSimPulseiOS;
			packageProductDependencies = (
				E53000000000000000000031 /* EsimPulseKit */,
			);
			productName = eSimPulseiOS;
			productReference = E53000000000000000000006 /* eSimPulseiOS.app */;
			productType = "com.apple.product-type.application";
		};
		E54000000000000000000005 /* eSimPulseWidgetiOSExtension */ = {
			isa = PBXNativeTarget;
			buildConfigurationList = E54000000000000000000008 /* Build configuration list for PBXNativeTarget "eSimPulseWidgetiOSExtension" */;
			buildPhases = (
				E5400000000000000000000D /* Sources */,
				E5400000000000000000000E /* Frameworks */,
			);
			buildRules = (
			);
			dependencies = (
			);
			name = eSimPulseWidgetiOSExtension;
			packageProductDependencies = (
				E54000000000000000000031 /* EsimPulseKit */,
			);
			productName = eSimPulseWidgetiOSExtension;
			productReference = E54000000000000000000006 /* eSimPulseWidgetiOSExtension.appex */;
			productType = "com.apple.product-type.app-extension";
		};
/* End PBXNativeTarget section */

/* Begin PBXProject section */
		E51000000000000000000001 /* Project object */ = {
			isa = PBXProject;
			attributes = {
				BuildIndependentTargetsInParallel = 1;
				LastSwiftUpdateCheck = 2700;
				LastUpgradeCheck = 2700;
				TargetAttributes = {
					E51000000000000000000005 = {
						CreatedOnToolsVersion = 27.0;
					};
					E52000000000000000000005 = {
						CreatedOnToolsVersion = 27.0;
					};
					E53000000000000000000005 = {
						CreatedOnToolsVersion = 27.0;
					};
					E54000000000000000000005 = {
						CreatedOnToolsVersion = 27.0;
					};
				};
			};
			buildConfigurationList = E51000000000000000000007 /* Build configuration list for PBXProject "eSimPulse" */;
			compatibilityVersion = "Xcode 14.0";
			developmentRegion = en;
			hasScannedForEncodings = 0;
			knownRegions = (
				en,
				Base,
			);
			mainGroup = E51000000000000000000002;
			packageReferences = (
				E51000000000000000000030 /* XCLocalSwiftPackageReference "EsimPulseKit" */,
			);
			productRefGroup = E51000000000000000000003 /* Products */;
			projectDirPath = "";
			projectRoot = "";
			targets = (
				E51000000000000000000005 /* eSimPulse */,
				E52000000000000000000005 /* eSimPulseWidgetExtension */,
				E53000000000000000000005 /* eSimPulseiOS */,
				E54000000000000000000005 /* eSimPulseWidgetiOSExtension */,
			);
		};
/* End PBXProject section */

/* Begin PBXResourcesBuildPhase section */
		E5100000000000000000000F /* Resources */ = {
			isa = PBXResourcesBuildPhase;
			buildActionMask = 2147483647;
			files = (
			);
			runOnlyForDeploymentPostprocessing = 0;
		};
		E5300000000000000000000F /* Resources */ = {
			isa = PBXResourcesBuildPhase;
			buildActionMask = 2147483647;
			files = (
			);
			runOnlyForDeploymentPostprocessing = 0;
		};
/* End PBXResourcesBuildPhase section */

/* Begin PBXSourcesBuildPhase section */
		E5100000000000000000000D /* Sources */ = {
			isa = PBXSourcesBuildPhase;
			buildActionMask = 2147483647;
			files = (
				E51000000000000000000020 /* eSimPulseApp.swift in Sources */,
				E51000000000000000000021 /* FloatingWindow.swift in Sources */,
				E51000000000000000000022 /* DashboardView.swift in Sources */,
				E51000000000000000000023 /* SettingsView.swift in Sources */,
			);
			runOnlyForDeploymentPostprocessing = 0;
		};
		E5200000000000000000000D /* Sources */ = {
			isa = PBXSourcesBuildPhase;
			buildActionMask = 2147483647;
			files = (
				E52000000000000000000022 /* eSimPulseWidgetBundle.swift in Sources */,
				E52000000000000000000020 /* RevenueProvider.swift in Sources */,
				E52000000000000000000021 /* RevenueWidgetView.swift in Sources */,
			);
			runOnlyForDeploymentPostprocessing = 0;
		};
		E5300000000000000000000D /* Sources */ = {
			isa = PBXSourcesBuildPhase;
			buildActionMask = 2147483647;
			files = (
				E53000000000000000000020 /* eSimPulseiOSApp.swift in Sources */,
			);
			runOnlyForDeploymentPostprocessing = 0;
		};
		E5400000000000000000000D /* Sources */ = {
			isa = PBXSourcesBuildPhase;
			buildActionMask = 2147483647;
			files = (
				E54000000000000000000022 /* eSimPulseWidgetBundle.swift in Sources */,
				E54000000000000000000020 /* RevenueProvider.swift in Sources */,
				E54000000000000000000021 /* RevenueWidgetView.swift in Sources */,
			);
			runOnlyForDeploymentPostprocessing = 0;
		};
/* End PBXSourcesBuildPhase section */

/* Begin PBXTargetDependency section */
		E52000000000000000000042 /* PBXTargetDependency */ = {
			isa = PBXTargetDependency;
			target = E52000000000000000000005 /* eSimPulseWidgetExtension */;
			targetProxy = E52000000000000000000043 /* PBXContainerItemProxy */;
		};
		E53000000000000000000042 /* PBXTargetDependency */ = {
			isa = PBXTargetDependency;
			target = E54000000000000000000005 /* eSimPulseWidgetiOSExtension */;
			targetProxy = E53000000000000000000043 /* PBXContainerItemProxy */;
		};
/* End PBXTargetDependency section */

/* Begin XCBuildConfiguration section */
		E51000000000000000000009 /* Debug */ = {
			isa = XCBuildConfiguration;
			buildSettings = {
				ALWAYS_SEARCH_USER_PATHS = NO;
				CLANG_ANALYZER_NONNULL = YES;
				CLANG_ENABLE_MODULES = YES;
				CLANG_ENABLE_OBJC_ARC = YES;
				COPY_PHASE_STRIP = NO;
				DEBUG_INFORMATION_FORMAT = dwarf;
				ENABLE_STRICT_OBJC_MSGSEND = YES;
				ENABLE_TESTABILITY = YES;
				GCC_DYNAMIC_NO_PIC = NO;
				GCC_OPTIMIZATION_LEVEL = 0;
				GCC_PREPROCESSOR_DEFINITIONS = (
					"DEBUG=1",
					"$(inherited)",
				);
				ONLY_ACTIVE_ARCH = YES;
				SWIFT_ACTIVE_COMPILATION_CONDITIONS = DEBUG;
				SWIFT_OPTIMIZATION_LEVEL = "-Onone";
			};
			name = Debug;
		};
		E5100000000000000000000A /* Release */ = {
			isa = XCBuildConfiguration;
			buildSettings = {
				ALWAYS_SEARCH_USER_PATHS = NO;
				CLANG_ANALYZER_NONNULL = YES;
				CLANG_ENABLE_MODULES = YES;
				CLANG_ENABLE_OBJC_ARC = YES;
				COPY_PHASE_STRIP = NO;
				DEBUG_INFORMATION_FORMAT = "dwarf-with-dsym";
				ENABLE_NS_ASSERTIONS = NO;
				ENABLE_STRICT_OBJC_MSGSEND = YES;
				SWIFT_COMPILATION_MODE = wholemodule;
				SWIFT_OPTIMIZATION_LEVEL = "-O";
			};
			name = Release;
		};
		E5100000000000000000000B /* Debug */ = {
			isa = XCBuildConfiguration;
			buildSettings = {
				ASSETCATALOG_COMPILER_GENERATE_ASSET_SYMBOLS = NO;
				CODE_SIGN_ENTITLEMENTS = eSimPulse/eSimPulse.entitlements;
				CODE_SIGN_STYLE = Automatic;
				COMBINE_HIDPI_IMAGES = YES;
				CURRENT_PROJECT_VERSION = 1;
				DEVELOPMENT_TEAM = 8GVFL9KS7M;
				ENABLE_PREVIEWS = YES;
				GENERATE_INFOPLIST_FILE = YES;
				INFOPLIST_KEY_LSApplicationCategoryType = "public.app-category.business";
				INFOPLIST_KEY_NSPrincipalClass = NSApplication;
				LD_RUNPATH_SEARCH_PATHS = (
					"$(inherited)",
					"@executable_path/../Frameworks",
				);
				MACOSX_DEPLOYMENT_TARGET = 14.0;
				MARKETING_VERSION = 1.0;
				PRODUCT_BUNDLE_IDENTIFIER = io.esimplified.esimpulse;
				PRODUCT_NAME = "$(TARGET_NAME)";
				SDKROOT = macosx;
				SWIFT_EMIT_LOC_STRINGS = YES;
				SWIFT_VERSION = 5.9;
			};
			name = Debug;
		};
		E5100000000000000000000C /* Release */ = {
			isa = XCBuildConfiguration;
			buildSettings = {
				ASSETCATALOG_COMPILER_GENERATE_ASSET_SYMBOLS = NO;
				CODE_SIGN_ENTITLEMENTS = eSimPulse/eSimPulse.entitlements;
				CODE_SIGN_STYLE = Automatic;
				COMBINE_HIDPI_IMAGES = YES;
				CURRENT_PROJECT_VERSION = 1;
				DEVELOPMENT_TEAM = 8GVFL9KS7M;
				ENABLE_PREVIEWS = YES;
				GENERATE_INFOPLIST_FILE = YES;
				INFOPLIST_KEY_LSApplicationCategoryType = "public.app-category.business";
				INFOPLIST_KEY_NSPrincipalClass = NSApplication;
				LD_RUNPATH_SEARCH_PATHS = (
					"$(inherited)",
					"@executable_path/../Frameworks",
				);
				MACOSX_DEPLOYMENT_TARGET = 14.0;
				MARKETING_VERSION = 1.0;
				PRODUCT_BUNDLE_IDENTIFIER = io.esimplified.esimpulse;
				PRODUCT_NAME = "$(TARGET_NAME)";
				SDKROOT = macosx;
				SWIFT_EMIT_LOC_STRINGS = YES;
				SWIFT_VERSION = 5.9;
			};
			name = Release;
		};
		E5200000000000000000000B /* Debug */ = {
			isa = XCBuildConfiguration;
			buildSettings = {
				ASSETCATALOG_COMPILER_GENERATE_ASSET_SYMBOLS = NO;
				CODE_SIGN_ENTITLEMENTS = eSimPulseWidget/eSimPulseWidget.entitlements;
				CODE_SIGN_STYLE = Automatic;
				CURRENT_PROJECT_VERSION = 1;
				DEVELOPMENT_TEAM = 8GVFL9KS7M;
				GENERATE_INFOPLIST_FILE = YES;
				INFOPLIST_FILE = eSimPulseWidget/Info.plist;
				INFOPLIST_KEY_CFBundleDisplayName = "eSim Pulse Widget";
				LD_RUNPATH_SEARCH_PATHS = (
					"$(inherited)",
					"@executable_path/../../../../Frameworks",
				);
				MACOSX_DEPLOYMENT_TARGET = 14.0;
				MARKETING_VERSION = 1.0;
				PRODUCT_BUNDLE_IDENTIFIER = io.esimplified.esimpulse.widget;
				PRODUCT_NAME = "$(TARGET_NAME)";
				SDKROOT = macosx;
				SKIP_INSTALL = YES;
				SWIFT_EMIT_LOC_STRINGS = YES;
				SWIFT_VERSION = 5.9;
			};
			name = Debug;
		};
		E5200000000000000000000C /* Release */ = {
			isa = XCBuildConfiguration;
			buildSettings = {
				ASSETCATALOG_COMPILER_GENERATE_ASSET_SYMBOLS = NO;
				CODE_SIGN_ENTITLEMENTS = eSimPulseWidget/eSimPulseWidget.entitlements;
				CODE_SIGN_STYLE = Automatic;
				CURRENT_PROJECT_VERSION = 1;
				DEVELOPMENT_TEAM = 8GVFL9KS7M;
				GENERATE_INFOPLIST_FILE = YES;
				INFOPLIST_FILE = eSimPulseWidget/Info.plist;
				INFOPLIST_KEY_CFBundleDisplayName = "eSim Pulse Widget";
				LD_RUNPATH_SEARCH_PATHS = (
					"$(inherited)",
					"@executable_path/../../../../Frameworks",
				);
				MACOSX_DEPLOYMENT_TARGET = 14.0;
				MARKETING_VERSION = 1.0;
				PRODUCT_BUNDLE_IDENTIFIER = io.esimplified.esimpulse.widget;
				PRODUCT_NAME = "$(TARGET_NAME)";
				SDKROOT = macosx;
				SKIP_INSTALL = YES;
				SWIFT_EMIT_LOC_STRINGS = YES;
				SWIFT_VERSION = 5.9;
			};
			name = Release;
		};
		E5300000000000000000000B /* Debug */ = {
			isa = XCBuildConfiguration;
			buildSettings = {
				ASSETCATALOG_COMPILER_GENERATE_ASSET_SYMBOLS = NO;
				CODE_SIGN_ENTITLEMENTS = eSimPulseiOS/eSimPulseiOS.entitlements;
				CODE_SIGN_STYLE = Automatic;
				CURRENT_PROJECT_VERSION = 1;
				DEVELOPMENT_TEAM = 8GVFL9KS7M;
				ENABLE_PREVIEWS = YES;
				GENERATE_INFOPLIST_FILE = YES;
				INFOPLIST_KEY_UIApplicationSceneManifest_Generation = YES;
				INFOPLIST_KEY_UILaunchScreen_Generation = YES;
				INFOPLIST_KEY_UISupportedInterfaceOrientations = "UIInterfaceOrientationPortrait";
				IPHONEOS_DEPLOYMENT_TARGET = 17.0;
				LD_RUNPATH_SEARCH_PATHS = (
					"$(inherited)",
					"@executable_path/Frameworks",
				);
				MARKETING_VERSION = 1.0;
				PRODUCT_BUNDLE_IDENTIFIER = io.esimplified.esimpulse;
				PRODUCT_NAME = "$(TARGET_NAME)";
				SDKROOT = iphoneos;
				SWIFT_EMIT_LOC_STRINGS = YES;
				SWIFT_VERSION = 5.9;
				TARGETED_DEVICE_FAMILY = "1,2";
			};
			name = Debug;
		};
		E5300000000000000000000C /* Release */ = {
			isa = XCBuildConfiguration;
			buildSettings = {
				ASSETCATALOG_COMPILER_GENERATE_ASSET_SYMBOLS = NO;
				CODE_SIGN_ENTITLEMENTS = eSimPulseiOS/eSimPulseiOS.entitlements;
				CODE_SIGN_STYLE = Automatic;
				CURRENT_PROJECT_VERSION = 1;
				DEVELOPMENT_TEAM = 8GVFL9KS7M;
				ENABLE_PREVIEWS = YES;
				GENERATE_INFOPLIST_FILE = YES;
				INFOPLIST_KEY_UIApplicationSceneManifest_Generation = YES;
				INFOPLIST_KEY_UILaunchScreen_Generation = YES;
				INFOPLIST_KEY_UISupportedInterfaceOrientations = "UIInterfaceOrientationPortrait";
				IPHONEOS_DEPLOYMENT_TARGET = 17.0;
				LD_RUNPATH_SEARCH_PATHS = (
					"$(inherited)",
					"@executable_path/Frameworks",
				);
				MARKETING_VERSION = 1.0;
				PRODUCT_BUNDLE_IDENTIFIER = io.esimplified.esimpulse;
				PRODUCT_NAME = "$(TARGET_NAME)";
				SDKROOT = iphoneos;
				SWIFT_EMIT_LOC_STRINGS = YES;
				SWIFT_VERSION = 5.9;
				TARGETED_DEVICE_FAMILY = "1,2";
			};
			name = Release;
		};
		E5400000000000000000000B /* Debug */ = {
			isa = XCBuildConfiguration;
			buildSettings = {
				ASSETCATALOG_COMPILER_GENERATE_ASSET_SYMBOLS = NO;
				CODE_SIGN_ENTITLEMENTS = "eSimPulseWidget/Widget-iOS.entitlements";
				CODE_SIGN_STYLE = Automatic;
				CURRENT_PROJECT_VERSION = 1;
				DEVELOPMENT_TEAM = 8GVFL9KS7M;
				GENERATE_INFOPLIST_FILE = YES;
				INFOPLIST_FILE = eSimPulseWidget/Info.plist;
				INFOPLIST_KEY_CFBundleDisplayName = "eSim Pulse Widget";
				IPHONEOS_DEPLOYMENT_TARGET = 17.0;
				LD_RUNPATH_SEARCH_PATHS = (
					"$(inherited)",
					"@executable_path/Frameworks",
					"@executable_path/../../Frameworks",
				);
				MARKETING_VERSION = 1.0;
				PRODUCT_BUNDLE_IDENTIFIER = io.esimplified.esimpulse.widget;
				PRODUCT_NAME = "$(TARGET_NAME)";
				SDKROOT = iphoneos;
				SKIP_INSTALL = YES;
				SWIFT_EMIT_LOC_STRINGS = YES;
				SWIFT_VERSION = 5.9;
				TARGETED_DEVICE_FAMILY = "1,2";
			};
			name = Debug;
		};
		E5400000000000000000000C /* Release */ = {
			isa = XCBuildConfiguration;
			buildSettings = {
				ASSETCATALOG_COMPILER_GENERATE_ASSET_SYMBOLS = NO;
				CODE_SIGN_ENTITLEMENTS = "eSimPulseWidget/Widget-iOS.entitlements";
				CODE_SIGN_STYLE = Automatic;
				CURRENT_PROJECT_VERSION = 1;
				DEVELOPMENT_TEAM = 8GVFL9KS7M;
				GENERATE_INFOPLIST_FILE = YES;
				INFOPLIST_FILE = eSimPulseWidget/Info.plist;
				INFOPLIST_KEY_CFBundleDisplayName = "eSim Pulse Widget";
				IPHONEOS_DEPLOYMENT_TARGET = 17.0;
				LD_RUNPATH_SEARCH_PATHS = (
					"$(inherited)",
					"@executable_path/Frameworks",
					"@executable_path/../../Frameworks",
				);
				MARKETING_VERSION = 1.0;
				PRODUCT_BUNDLE_IDENTIFIER = io.esimplified.esimpulse.widget;
				PRODUCT_NAME = "$(TARGET_NAME)";
				SDKROOT = iphoneos;
				SKIP_INSTALL = YES;
				SWIFT_EMIT_LOC_STRINGS = YES;
				SWIFT_VERSION = 5.9;
				TARGETED_DEVICE_FAMILY = "1,2";
			};
			name = Release;
		};
/* End XCBuildConfiguration section */

/* Begin XCConfigurationList section */
		E51000000000000000000007 /* Build configuration list for PBXProject "eSimPulse" */ = {
			isa = XCConfigurationList;
			buildConfigurations = (
				E51000000000000000000009 /* Debug */,
				E5100000000000000000000A /* Release */,
			);
			defaultConfigurationIsVisible = 0;
			defaultConfigurationName = Release;
		};
		E51000000000000000000008 /* Build configuration list for PBXNativeTarget "eSimPulse" */ = {
			isa = XCConfigurationList;
			buildConfigurations = (
				E5100000000000000000000B /* Debug */,
				E5100000000000000000000C /* Release */,
			);
			defaultConfigurationIsVisible = 0;
			defaultConfigurationName = Release;
		};
		E52000000000000000000008 /* Build configuration list for PBXNativeTarget "eSimPulseWidgetExtension" */ = {
			isa = XCConfigurationList;
			buildConfigurations = (
				E5200000000000000000000B /* Debug */,
				E5200000000000000000000C /* Release */,
			);
			defaultConfigurationIsVisible = 0;
			defaultConfigurationName = Release;
		};
		E53000000000000000000008 /* Build configuration list for PBXNativeTarget "eSimPulseiOS" */ = {
			isa = XCConfigurationList;
			buildConfigurations = (
				E5300000000000000000000B /* Debug */,
				E5300000000000000000000C /* Release */,
			);
			defaultConfigurationIsVisible = 0;
			defaultConfigurationName = Release;
		};
		E54000000000000000000008 /* Build configuration list for PBXNativeTarget "eSimPulseWidgetiOSExtension" */ = {
			isa = XCConfigurationList;
			buildConfigurations = (
				E5400000000000000000000B /* Debug */,
				E5400000000000000000000C /* Release */,
			);
			defaultConfigurationIsVisible = 0;
			defaultConfigurationName = Release;
		};
/* End XCConfigurationList section */

/* Begin XCLocalSwiftPackageReference section */
		E51000000000000000000030 /* XCLocalSwiftPackageReference "EsimPulseKit" */ = {
			isa = XCLocalSwiftPackageReference;
			relativePath = EsimPulseKit;
		};
/* End XCLocalSwiftPackageReference section */

/* Begin XCSwiftPackageProductDependency section */
		E51000000000000000000031 /* EsimPulseKit */ = {
			isa = XCSwiftPackageProductDependency;
			productName = EsimPulseKit;
		};
		E52000000000000000000031 /* EsimPulseKit */ = {
			isa = XCSwiftPackageProductDependency;
			productName = EsimPulseKit;
		};
		E53000000000000000000031 /* EsimPulseKit */ = {
			isa = XCSwiftPackageProductDependency;
			productName = EsimPulseKit;
		};
		E54000000000000000000031 /* EsimPulseKit */ = {
			isa = XCSwiftPackageProductDependency;
			productName = EsimPulseKit;
		};
/* End XCSwiftPackageProductDependency section */
	};
	rootObject = E51000000000000000000001 /* Project object */;
}
